// !$*UTF8*$!
{
	archiveVersion = 1;
	classes = {
	};
	objectVersion = 52;
	objects = {

/* Begin PBXBuildFile section */
		88011ED4254AF5F40097EA48 /* NLRApp.swift in Sources */ = {isa = PBXBuildFile; fileRef = 88011ED3254AF5F40097EA48 /* NLRApp.swift */; };
		88011ED8254AF5F60097EA48 /* Assets.xcassets in Resources */ = {isa = PBXBuildFile; fileRef = 88011ED7254AF5F60097EA48 /* Assets.xcassets */; };
		88011EDB254AF5F60097EA48 /* Preview Assets.xcassets in Resources */ = {isa = PBXBuildFile; fileRef = 88011EDA254AF5F60097EA48 /* Preview Assets.xcassets */; };
		88011EE6254AF5F60097EA48 /* NLRTests.swift in Sources */ = {isa = PBXBuildFile; fileRef = 88011EE5254AF5F60097EA48 /* NLRTests.swift */; };
		88011EF1254AF5F60097EA48 /* NLRUITests.swift in Sources */ = {isa = PBXBuildFile; fileRef = 88011EF0254AF5F60097EA48 /* NLRUITests.swift */; };
		88011F15254AFC4F0097EA48 /* ARKitView.swift in Sources */ = {isa = PBXBuildFile; fileRef = 88011F14254AFC4F0097EA48 /* ARKitView.swift */; };
		88011F1B254AFCE00097EA48 /* ARManager.swift in Sources */ = {isa = PBXBuildFile; fileRef = 88011F1A254AFCE00097EA48 /* ARManager.swift */; };
		881B1EE22552AAA90005477E /* DamageDetailView.swift in Sources */ = {isa = PBXBuildFile; fileRef = 881B1EE12552AAA90005477E /* DamageDetailView.swift */; };
		881B1EE82552BC2B0005477E /* DamageState.swift in Sources */ = {isa = PBXBuildFile; fileRef = 881B1EE72552BC2B0005477E /* DamageState.swift */; };
		8831EF5E25B0F14D00EB3F08 /* Scenekit+Extensions.swift in Sources */ = {isa = PBXBuildFile; fileRef = 8831EF5D25B0F14D00EB3F08 /* Scenekit+Extensions.swift */; };
		8831EF7425B0F40400EB3F08 /* Development.xcconfig in Resources */ = {isa = PBXBuildFile; fileRef = 8831EF7325B0F40400EB3F08 /* Development.xcconfig */; };
		88388247254B3F3C001EF10C /* FocusSquareSegment.swift in Sources */ = {isa = PBXBuildFile; fileRef = 88388246254B3F3C001EF10C /* FocusSquareSegment.swift */; };
		8838824F254B3F44001EF10C /* FocusSquare.swift in Sources */ = {isa = PBXBuildFile; fileRef = 8838824E254B3F44001EF10C /* FocusSquare.swift */; };
		88388254254B3FAB001EF10C /* ARSCNView+Extensions.swift in Sources */ = {isa = PBXBuildFile; fileRef = 88388253254B3FAB001EF10C /* ARSCNView+Extensions.swift */; };
		88388259254B40E1001EF10C /* Float4x4+Extensions.swift in Sources */ = {isa = PBXBuildFile; fileRef = 88388258254B40E1001EF10C /* Float4x4+Extensions.swift */; };
		8838825E254B40F9001EF10C /* CGPoint+Extensions.swift in Sources */ = {isa = PBXBuildFile; fileRef = 8838825D254B40F9001EF10C /* CGPoint+Extensions.swift */; };
		88388264254B41D4001EF10C /* ARManagerDelegate.swift in Sources */ = {isa = PBXBuildFile; fileRef = 88388263254B41D4001EF10C /* ARManagerDelegate.swift */; };
		8839A6532551D4D100DD3EA4 /* AircraftPreview.swift in Sources */ = {isa = PBXBuildFile; fileRef = 8839A6522551D4D100DD3EA4 /* AircraftPreview.swift */; };
		883EDCCC25778EE200C3764B /* ARViewController.swift in Sources */ = {isa = PBXBuildFile; fileRef = 883EDCCB25778EE200C3764B /* ARViewController.swift */; };
		883EDCD225778F0600C3764B /* package-arbase in Frameworks */ = {isa = PBXBuildFile; productRef = 883EDCD125778F0600C3764B /* package-arbase */; };
		883EDCD82577910400C3764B /* ARViewController+ARBaseViewDelegate.swift in Sources */ = {isa = PBXBuildFile; fileRef = 883EDCD72577910400C3764B /* ARViewController+ARBaseViewDelegate.swift */; };
		883EDCE12577921400C3764B /* ARViewController+Functions.swift in Sources */ = {isa = PBXBuildFile; fileRef = 883EDCE02577921400C3764B /* ARViewController+Functions.swift */; };
		883EDCEC257793A100C3764B /* ARBase.scnassets in Resources */ = {isa = PBXBuildFile; fileRef = 883EDCEB257793A100C3764B /* ARBase.scnassets */; };
		883EDCF2257794C800C3764B /* ARViewController+ARManagerDelegate.swift in Sources */ = {isa = PBXBuildFile; fileRef = 883EDCF1257794C800C3764B /* ARViewController+ARManagerDelegate.swift */; };
		88420187255037FF00A72BAD /* Art.scnassets in Resources */ = {isa = PBXBuildFile; fileRef = 88420186255037FF00A72BAD /* Art.scnassets */; };
		88436EB82553F81900E50AD3 /* Onboarding.swift in Sources */ = {isa = PBXBuildFile; fileRef = 88436EB72553F81900E50AD3 /* Onboarding.swift */; };
		88436EBD2553F8C800E50AD3 /* OnboardingView.swift in Sources */ = {isa = PBXBuildFile; fileRef = 88436EBC2553F8C800E50AD3 /* OnboardingView.swift */; };
		88436EC32553FA6B00E50AD3 /* OnboardingContainer.swift in Sources */ = {isa = PBXBuildFile; fileRef = 88436EC22553FA6B00E50AD3 /* OnboardingContainer.swift */; };
		88436ED52553FE4E00E50AD3 /* PageViewController.swift in Sources */ = {isa = PBXBuildFile; fileRef = 88436ED42553FE4E00E50AD3 /* PageViewController.swift */; };
		88436EE02554012400E50AD3 /* PageIndicator.swift in Sources */ = {isa = PBXBuildFile; fileRef = 88436EDF2554012400E50AD3 /* PageIndicator.swift */; };
		885B4719257104FD00504BB7 /* CheckDamageView.swift in Sources */ = {isa = PBXBuildFile; fileRef = 885B4718257104FD00504BB7 /* CheckDamageView.swift */; };
		885B472525710ADA00504BB7 /* QRView.swift in Sources */ = {isa = PBXBuildFile; fileRef = 885B472425710ADA00504BB7 /* QRView.swift */; };
		885B472E25710AF900504BB7 /* QRScannerView.swift in Sources */ = {isa = PBXBuildFile; fileRef = 885B472D25710AF900504BB7 /* QRScannerView.swift */; };
		885B473325710B3F00504BB7 /* QRScannerViewController.swift in Sources */ = {isa = PBXBuildFile; fileRef = 885B473225710B3F00504BB7 /* QRScannerViewController.swift */; };
		885B473925710C0100504BB7 /* Scanner+Coordinator.swift in Sources */ = {isa = PBXBuildFile; fileRef = 885B473825710C0100504BB7 /* Scanner+Coordinator.swift */; };
		885B702625503F29008643BD /* VirtualObject.swift in Sources */ = {isa = PBXBuildFile; fileRef = 885B702525503F29008643BD /* VirtualObject.swift */; };
		886A50CB256E9C01005B360A /* AppManager.swift in Sources */ = {isa = PBXBuildFile; fileRef = 886A50CA256E9C01005B360A /* AppManager.swift */; };
		886A9DD3255303B40055CC67 /* Color+Extensions.swift in Sources */ = {isa = PBXBuildFile; fileRef = 886A9DD2255303B40055CC67 /* Color+Extensions.swift */; };
		886CADA0256E60A300AF88AE /* AircraftSelectionView.swift in Sources */ = {isa = PBXBuildFile; fileRef = 886CAD9F256E60A300AF88AE /* AircraftSelectionView.swift */; };
		88855D1C258B577800EF123E /* AppState.swift in Sources */ = {isa = PBXBuildFile; fileRef = 88855D1B258B577800EF123E /* AppState.swift */; };
		88855D25258B58F400EF123E /* LoginView.swift in Sources */ = {isa = PBXBuildFile; fileRef = 88855D24258B58F400EF123E /* LoginView.swift */; };
		88855D2A258B58FF00EF123E /* UserTypeView.swift in Sources */ = {isa = PBXBuildFile; fileRef = 88855D29258B58FF00EF123E /* UserTypeView.swift */; };
		88855D30258B5E2F00EF123E /* AircraftManager.swift in Sources */ = {isa = PBXBuildFile; fileRef = 88855D2F258B5E2F00EF123E /* AircraftManager.swift */; };
		88A22341257E65D300C3403F /* AudioRecorder.swift in Sources */ = {isa = PBXBuildFile; fileRef = 88A22340257E65D300C3403F /* AudioRecorder.swift */; };
		88A22349257E670200C3403F /* Date+Extensions.swift in Sources */ = {isa = PBXBuildFile; fileRef = 88A22348257E670200C3403F /* Date+Extensions.swift */; };
		88A2234E257E6CA900C3403F /* AudioPlayer.swift in Sources */ = {isa = PBXBuildFile; fileRef = 88A2234D257E6CA900C3403F /* AudioPlayer.swift */; };
		88A249AE257FAB5000375E8C /* Aircraft+CoreDataClass.swift in Sources */ = {isa = PBXBuildFile; fileRef = 88A249A4257FAB5000375E8C /* Aircraft+CoreDataClass.swift */; };
		88A249AF257FAB5000375E8C /* Aircraft+CoreDataProperties.swift in Sources */ = {isa = PBXBuildFile; fileRef = 88A249A5257FAB5000375E8C /* Aircraft+CoreDataProperties.swift */; };
		88A249B0257FAB5000375E8C /* Notes+CoreDataClass.swift in Sources */ = {isa = PBXBuildFile; fileRef = 88A249A6257FAB5000375E8C /* Notes+CoreDataClass.swift */; };
		88A249B1257FAB5000375E8C /* Notes+CoreDataProperties.swift in Sources */ = {isa = PBXBuildFile; fileRef = 88A249A7257FAB5000375E8C /* Notes+CoreDataProperties.swift */; };
		88A249B2257FAB5000375E8C /* Coordinates+CoreDataClass.swift in Sources */ = {isa = PBXBuildFile; fileRef = 88A249A8257FAB5000375E8C /* Coordinates+CoreDataClass.swift */; };
		88A249B3257FAB5000375E8C /* Coordinates+CoreDataProperties.swift in Sources */ = {isa = PBXBuildFile; fileRef = 88A249A9257FAB5000375E8C /* Coordinates+CoreDataProperties.swift */; };
		88A249B4257FAB5000375E8C /* Session+CoreDataClass.swift in Sources */ = {isa = PBXBuildFile; fileRef = 88A249AA257FAB5000375E8C /* Session+CoreDataClass.swift */; };
		88A249B5257FAB5000375E8C /* Session+CoreDataProperties.swift in Sources */ = {isa = PBXBuildFile; fileRef = 88A249AB257FAB5000375E8C /* Session+CoreDataProperties.swift */; };
		88A249B6257FAB5000375E8C /* DamageNode+CoreDataClass.swift in Sources */ = {isa = PBXBuildFile; fileRef = 88A249AC257FAB5000375E8C /* DamageNode+CoreDataClass.swift */; };
		88A249B7257FAB5000375E8C /* DamageNode+CoreDataProperties.swift in Sources */ = {isa = PBXBuildFile; fileRef = 88A249AD257FAB5000375E8C /* DamageNode+CoreDataProperties.swift */; };
		88AB92C3255184EC00BA59BE /* AddDamageView.swift in Sources */ = {isa = PBXBuildFile; fileRef = 88AB92C2255184EC00BA59BE /* AddDamageView.swift */; };
		88AB92CB2551965200BA59BE /* AircraftsDetailsView.swift in Sources */ = {isa = PBXBuildFile; fileRef = 88AB92CA2551965200BA59BE /* AircraftsDetailsView.swift */; };
		88C3500C257FB6F40068460F /* AircraftSessionsView.swift in Sources */ = {isa = PBXBuildFile; fileRef = 88C3500B257FB6F40068460F /* AircraftSessionsView.swift */; };
		88CA791925515E7700B817DE /* PersistenceController.swift in Sources */ = {isa = PBXBuildFile; fileRef = 88CA791825515E7700B817DE /* PersistenceController.swift */; };
		88DC3F6425A5E85900C337E5 /* FeedbackGenerator.swift in Sources */ = {isa = PBXBuildFile; fileRef = 88DC3F6325A5E85900C337E5 /* FeedbackGenerator.swift */; };
		88DC3F7125A5E99800C337E5 /* ARView.swift in Sources */ = {isa = PBXBuildFile; fileRef = 88DC3F7025A5E99800C337E5 /* ARView.swift */; };
		88F99B2A255154FD00C75CB6 /* NLR.xcdatamodeld in Sources */ = {isa = PBXBuildFile; fileRef = 88F99B28255154FD00C75CB6 /* NLR.xcdatamodeld */; };
/* End PBXBuildFile section */

/* Begin PBXContainerItemProxy section */
		88011EE2254AF5F60097EA48 /* PBXContainerItemProxy */ = {
			isa = PBXContainerItemProxy;
			containerPortal = 88011EC8254AF5F40097EA48 /* Project object */;
			proxyType = 1;
			remoteGlobalIDString = 88011ECF254AF5F40097EA48;
			remoteInfo = NLR;
		};
		88011EED254AF5F60097EA48 /* PBXContainerItemProxy */ = {
			isa = PBXContainerItemProxy;
			containerPortal = 88011EC8254AF5F40097EA48 /* Project object */;
			proxyType = 1;
			remoteGlobalIDString = 88011ECF254AF5F40097EA48;
			remoteInfo = NLR;
		};
/* End PBXContainerItemProxy section */

/* Begin PBXFileReference section */
		88011ED0254AF5F40097EA48 /* NLR.app */ = {isa = PBXFileReference; explicitFileType = wrapper.application; includeInIndex = 0; path = NLR.app; sourceTree = BUILT_PRODUCTS_DIR; };
		88011ED3254AF5F40097EA48 /* NLRApp.swift */ = {isa = PBXFileReference; lastKnownFileType = sourcecode.swift; path = NLRApp.swift; sourceTree = "<group>"; };
		88011ED7254AF5F60097EA48 /* Assets.xcassets */ = {isa = PBXFileReference; lastKnownFileType = folder.assetcatalog; path = Assets.xcassets; sourceTree = "<group>"; };
		88011EDA254AF5F60097EA48 /* Preview Assets.xcassets */ = {isa = PBXFileReference; lastKnownFileType = folder.assetcatalog; path = "Preview Assets.xcassets"; sourceTree = "<group>"; };
		88011EDC254AF5F60097EA48 /* Info.plist */ = {isa = PBXFileReference; lastKnownFileType = text.plist.xml; path = Info.plist; sourceTree = "<group>"; };
		88011EE1254AF5F60097EA48 /* NLRTests.xctest */ = {isa = PBXFileReference; explicitFileType = wrapper.cfbundle; includeInIndex = 0; path = NLRTests.xctest; sourceTree = BUILT_PRODUCTS_DIR; };
		88011EE5254AF5F60097EA48 /* NLRTests.swift */ = {isa = PBXFileReference; lastKnownFileType = sourcecode.swift; path = NLRTests.swift; sourceTree = "<group>"; };
		88011EE7254AF5F60097EA48 /* Info.plist */ = {isa = PBXFileReference; lastKnownFileType = text.plist.xml; path = Info.plist; sourceTree = "<group>"; };
		88011EEC254AF5F60097EA48 /* NLRUITests.xctest */ = {isa = PBXFileReference; explicitFileType = wrapper.cfbundle; includeInIndex = 0; path = NLRUITests.xctest; sourceTree = BUILT_PRODUCTS_DIR; };
		88011EF0254AF5F60097EA48 /* NLRUITests.swift */ = {isa = PBXFileReference; lastKnownFileType = sourcecode.swift; path = NLRUITests.swift; sourceTree = "<group>"; };
		88011EF2254AF5F60097EA48 /* Info.plist */ = {isa = PBXFileReference; lastKnownFileType = text.plist.xml; path = Info.plist; sourceTree = "<group>"; };
		88011F14254AFC4F0097EA48 /* ARKitView.swift */ = {isa = PBXFileReference; lastKnownFileType = sourcecode.swift; path = ARKitView.swift; sourceTree = "<group>"; };
		88011F1A254AFCE00097EA48 /* ARManager.swift */ = {isa = PBXFileReference; lastKnownFileType = sourcecode.swift; path = ARManager.swift; sourceTree = "<group>"; };
		881B1EE12552AAA90005477E /* DamageDetailView.swift */ = {isa = PBXFileReference; lastKnownFileType = sourcecode.swift; path = DamageDetailView.swift; sourceTree = "<group>"; };
		881B1EE72552BC2B0005477E /* DamageState.swift */ = {isa = PBXFileReference; lastKnownFileType = sourcecode.swift; path = DamageState.swift; sourceTree = "<group>"; };
		8831EF5D25B0F14D00EB3F08 /* Scenekit+Extensions.swift */ = {isa = PBXFileReference; lastKnownFileType = sourcecode.swift; path = "Scenekit+Extensions.swift"; sourceTree = "<group>"; };
		8831EF7325B0F40400EB3F08 /* Development.xcconfig */ = {isa = PBXFileReference; lastKnownFileType = text.xcconfig; path = Development.xcconfig; sourceTree = "<group>"; };
		8831EF7825B0F41400EB3F08 /* Production.xcconfig */ = {isa = PBXFileReference; lastKnownFileType = text.xcconfig; path = Production.xcconfig; sourceTree = "<group>"; };
		88388246254B3F3C001EF10C /* FocusSquareSegment.swift */ = {isa = PBXFileReference; lastKnownFileType = sourcecode.swift; path = FocusSquareSegment.swift; sourceTree = "<group>"; };
		8838824E254B3F44001EF10C /* FocusSquare.swift */ = {isa = PBXFileReference; lastKnownFileType = sourcecode.swift; path = FocusSquare.swift; sourceTree = "<group>"; };
		88388253254B3FAB001EF10C /* ARSCNView+Extensions.swift */ = {isa = PBXFileReference; lastKnownFileType = sourcecode.swift; path = "ARSCNView+Extensions.swift"; sourceTree = "<group>"; };
		88388258254B40E1001EF10C /* Float4x4+Extensions.swift */ = {isa = PBXFileReference; lastKnownFileType = sourcecode.swift; path = "Float4x4+Extensions.swift"; sourceTree = "<group>"; };
		8838825D254B40F9001EF10C /* CGPoint+Extensions.swift */ = {isa = PBXFileReference; lastKnownFileType = sourcecode.swift; path = "CGPoint+Extensions.swift"; sourceTree = "<group>"; };
		88388263254B41D4001EF10C /* ARManagerDelegate.swift */ = {isa = PBXFileReference; lastKnownFileType = sourcecode.swift; path = ARManagerDelegate.swift; sourceTree = "<group>"; };
		8839A6522551D4D100DD3EA4 /* AircraftPreview.swift */ = {isa = PBXFileReference; lastKnownFileType = sourcecode.swift; path = AircraftPreview.swift; sourceTree = "<group>"; };
		883EDCCB25778EE200C3764B /* ARViewController.swift */ = {isa = PBXFileReference; lastKnownFileType = sourcecode.swift; path = ARViewController.swift; sourceTree = "<group>"; };
		883EDCD72577910400C3764B /* ARViewController+ARBaseViewDelegate.swift */ = {isa = PBXFileReference; lastKnownFileType = sourcecode.swift; path = "ARViewController+ARBaseViewDelegate.swift"; sourceTree = "<group>"; };
		883EDCE02577921400C3764B /* ARViewController+Functions.swift */ = {isa = PBXFileReference; lastKnownFileType = sourcecode.swift; path = "ARViewController+Functions.swift"; sourceTree = "<group>"; };
		883EDCEB257793A100C3764B /* ARBase.scnassets */ = {isa = PBXFileReference; lastKnownFileType = wrapper.scnassets; path = ARBase.scnassets; sourceTree = "<group>"; };
		883EDCF1257794C800C3764B /* ARViewController+ARManagerDelegate.swift */ = {isa = PBXFileReference; lastKnownFileType = sourcecode.swift; path = "ARViewController+ARManagerDelegate.swift"; sourceTree = "<group>"; };
		88420186255037FF00A72BAD /* Art.scnassets */ = {isa = PBXFileReference; lastKnownFileType = wrapper.scnassets; path = Art.scnassets; sourceTree = "<group>"; };
		88436EB72553F81900E50AD3 /* Onboarding.swift */ = {isa = PBXFileReference; lastKnownFileType = sourcecode.swift; path = Onboarding.swift; sourceTree = "<group>"; };
		88436EBC2553F8C800E50AD3 /* OnboardingView.swift */ = {isa = PBXFileReference; lastKnownFileType = sourcecode.swift; path = OnboardingView.swift; sourceTree = "<group>"; };
		88436EC22553FA6B00E50AD3 /* OnboardingContainer.swift */ = {isa = PBXFileReference; lastKnownFileType = sourcecode.swift; path = OnboardingContainer.swift; sourceTree = "<group>"; };
		88436ED42553FE4E00E50AD3 /* PageViewController.swift */ = {isa = PBXFileReference; lastKnownFileType = sourcecode.swift; path = PageViewController.swift; sourceTree = "<group>"; };
		88436EDF2554012400E50AD3 /* PageIndicator.swift */ = {isa = PBXFileReference; lastKnownFileType = sourcecode.swift; path = PageIndicator.swift; sourceTree = "<group>"; };
		885B4718257104FD00504BB7 /* CheckDamageView.swift */ = {isa = PBXFileReference; lastKnownFileType = sourcecode.swift; path = CheckDamageView.swift; sourceTree = "<group>"; };
		885B472425710ADA00504BB7 /* QRView.swift */ = {isa = PBXFileReference; lastKnownFileType = sourcecode.swift; path = QRView.swift; sourceTree = "<group>"; };
		885B472D25710AF900504BB7 /* QRScannerView.swift */ = {isa = PBXFileReference; lastKnownFileType = sourcecode.swift; path = QRScannerView.swift; sourceTree = "<group>"; };
		885B473225710B3F00504BB7 /* QRScannerViewController.swift */ = {isa = PBXFileReference; lastKnownFileType = sourcecode.swift; path = QRScannerViewController.swift; sourceTree = "<group>"; };
		885B473825710C0100504BB7 /* Scanner+Coordinator.swift */ = {isa = PBXFileReference; lastKnownFileType = sourcecode.swift; path = "Scanner+Coordinator.swift"; sourceTree = "<group>"; };
		885B702525503F29008643BD /* VirtualObject.swift */ = {isa = PBXFileReference; lastKnownFileType = sourcecode.swift; path = VirtualObject.swift; sourceTree = "<group>"; };
		886A50CA256E9C01005B360A /* AppManager.swift */ = {isa = PBXFileReference; lastKnownFileType = sourcecode.swift; path = AppManager.swift; sourceTree = "<group>"; };
		886A9DD2255303B40055CC67 /* Color+Extensions.swift */ = {isa = PBXFileReference; lastKnownFileType = sourcecode.swift; path = "Color+Extensions.swift"; sourceTree = "<group>"; };
		886CAD9F256E60A300AF88AE /* AircraftSelectionView.swift */ = {isa = PBXFileReference; lastKnownFileType = sourcecode.swift; path = AircraftSelectionView.swift; sourceTree = "<group>"; };
		88855D1B258B577800EF123E /* AppState.swift */ = {isa = PBXFileReference; lastKnownFileType = sourcecode.swift; path = AppState.swift; sourceTree = "<group>"; };
		88855D24258B58F400EF123E /* LoginView.swift */ = {isa = PBXFileReference; lastKnownFileType = sourcecode.swift; path = LoginView.swift; sourceTree = "<group>"; };
		88855D29258B58FF00EF123E /* UserTypeView.swift */ = {isa = PBXFileReference; lastKnownFileType = sourcecode.swift; path = UserTypeView.swift; sourceTree = "<group>"; };
		88855D2F258B5E2F00EF123E /* AircraftManager.swift */ = {isa = PBXFileReference; lastKnownFileType = sourcecode.swift; path = AircraftManager.swift; sourceTree = "<group>"; };
		88A22340257E65D300C3403F /* AudioRecorder.swift */ = {isa = PBXFileReference; lastKnownFileType = sourcecode.swift; path = AudioRecorder.swift; sourceTree = "<group>"; };
		88A22348257E670200C3403F /* Date+Extensions.swift */ = {isa = PBXFileReference; lastKnownFileType = sourcecode.swift; path = "Date+Extensions.swift"; sourceTree = "<group>"; };
		88A2234D257E6CA900C3403F /* AudioPlayer.swift */ = {isa = PBXFileReference; lastKnownFileType = sourcecode.swift; path = AudioPlayer.swift; sourceTree = "<group>"; };
		88A249A4257FAB5000375E8C /* Aircraft+CoreDataClass.swift */ = {isa = PBXFileReference; lastKnownFileType = sourcecode.swift; path = "Aircraft+CoreDataClass.swift"; sourceTree = "<group>"; };
		88A249A5257FAB5000375E8C /* Aircraft+CoreDataProperties.swift */ = {isa = PBXFileReference; lastKnownFileType = sourcecode.swift; path = "Aircraft+CoreDataProperties.swift"; sourceTree = "<group>"; };
		88A249A6257FAB5000375E8C /* Notes+CoreDataClass.swift */ = {isa = PBXFileReference; lastKnownFileType = sourcecode.swift; path = "Notes+CoreDataClass.swift"; sourceTree = "<group>"; };
		88A249A7257FAB5000375E8C /* Notes+CoreDataProperties.swift */ = {isa = PBXFileReference; lastKnownFileType = sourcecode.swift; path = "Notes+CoreDataProperties.swift"; sourceTree = "<group>"; };
		88A249A8257FAB5000375E8C /* Coordinates+CoreDataClass.swift */ = {isa = PBXFileReference; lastKnownFileType = sourcecode.swift; path = "Coordinates+CoreDataClass.swift"; sourceTree = "<group>"; };
		88A249A9257FAB5000375E8C /* Coordinates+CoreDataProperties.swift */ = {isa = PBXFileReference; lastKnownFileType = sourcecode.swift; path = "Coordinates+CoreDataProperties.swift"; sourceTree = "<group>"; };
		88A249AA257FAB5000375E8C /* Session+CoreDataClass.swift */ = {isa = PBXFileReference; lastKnownFileType = sourcecode.swift; path = "Session+CoreDataClass.swift"; sourceTree = "<group>"; };
		88A249AB257FAB5000375E8C /* Session+CoreDataProperties.swift */ = {isa = PBXFileReference; lastKnownFileType = sourcecode.swift; path = "Session+CoreDataProperties.swift"; sourceTree = "<group>"; };
		88A249AC257FAB5000375E8C /* DamageNode+CoreDataClass.swift */ = {isa = PBXFileReference; lastKnownFileType = sourcecode.swift; path = "DamageNode+CoreDataClass.swift"; sourceTree = "<group>"; };
		88A249AD257FAB5000375E8C /* DamageNode+CoreDataProperties.swift */ = {isa = PBXFileReference; lastKnownFileType = sourcecode.swift; path = "DamageNode+CoreDataProperties.swift"; sourceTree = "<group>"; };
		88AB92C2255184EC00BA59BE /* AddDamageView.swift */ = {isa = PBXFileReference; lastKnownFileType = sourcecode.swift; path = AddDamageView.swift; sourceTree = "<group>"; };
		88AB92CA2551965200BA59BE /* AircraftsDetailsView.swift */ = {isa = PBXFileReference; lastKnownFileType = sourcecode.swift; path = AircraftsDetailsView.swift; sourceTree = "<group>"; };
		88C3500B257FB6F40068460F /* AircraftSessionsView.swift */ = {isa = PBXFileReference; lastKnownFileType = sourcecode.swift; path = AircraftSessionsView.swift; sourceTree = "<group>"; };
		88CA791825515E7700B817DE /* PersistenceController.swift */ = {isa = PBXFileReference; lastKnownFileType = sourcecode.swift; path = PersistenceController.swift; sourceTree = "<group>"; };
		88DC3F6325A5E85900C337E5 /* FeedbackGenerator.swift */ = {isa = PBXFileReference; lastKnownFileType = sourcecode.swift; path = FeedbackGenerator.swift; sourceTree = "<group>"; };
		88DC3F7025A5E99800C337E5 /* ARView.swift */ = {isa = PBXFileReference; lastKnownFileType = sourcecode.swift; path = ARView.swift; sourceTree = "<group>"; };
		88F99B29255154FD00C75CB6 /* NLR.xcdatamodel */ = {isa = PBXFileReference; lastKnownFileType = wrapper.xcdatamodel; path = NLR.xcdatamodel; sourceTree = "<group>"; };
/* End PBXFileReference section */

/* Begin PBXFrameworksBuildPhase section */
		88011ECD254AF5F40097EA48 /* Frameworks */ = {
			isa = PBXFrameworksBuildPhase;
			buildActionMask = 2147483647;
			files = (
				883EDCD225778F0600C3764B /* package-arbase in Frameworks */,
			);
			runOnlyForDeploymentPostprocessing = 0;
		};
		88011EDE254AF5F60097EA48 /* Frameworks */ = {
			isa = PBXFrameworksBuildPhase;
			buildActionMask = 2147483647;
			files = (
			);
			runOnlyForDeploymentPostprocessing = 0;
		};
		88011EE9254AF5F60097EA48 /* Frameworks */ = {
			isa = PBXFrameworksBuildPhase;
			buildActionMask = 2147483647;
			files = (
			);
			runOnlyForDeploymentPostprocessing = 0;
		};
/* End PBXFrameworksBuildPhase section */

/* Begin PBXGroup section */
		88011EC7254AF5F40097EA48 = {
			isa = PBXGroup;
			children = (
				88011ED2254AF5F40097EA48 /* NLR */,
				88011EE4254AF5F60097EA48 /* NLRTests */,
				88011EEF254AF5F60097EA48 /* NLRUITests */,
				88011ED1254AF5F40097EA48 /* Products */,
			);
			sourceTree = "<group>";
		};
		88011ED1254AF5F40097EA48 /* Products */ = {
			isa = PBXGroup;
			children = (
				88011ED0254AF5F40097EA48 /* NLR.app */,
				88011EE1254AF5F60097EA48 /* NLRTests.xctest */,
				88011EEC254AF5F60097EA48 /* NLRUITests.xctest */,
			);
			name = Products;
			sourceTree = "<group>";
		};
		88011ED2254AF5F40097EA48 /* NLR */ = {
			isa = PBXGroup;
			children = (
				8831EF7225B0F3C500EB3F08 /* Configurations */,
				88855D1A258B576B00EF123E /* Environment */,
				88388262254B41C9001EF10C /* Delegates */,
				88011F22254AFD640097EA48 /* Controllers */,
				88011F09254AF6BF0097EA48 /* Main App */,
				88011F08254AF6BA0097EA48 /* Models */,
				88011F07254AF6B40097EA48 /* Extensions */,
				88011F06254AF6AE0097EA48 /* Assets */,
				88011F05254AF6AA0097EA48 /* Views */,
				88011F04254AF6A30097EA48 /* Components */,
				88011F03254AF61F0097EA48 /* Managers */,
				88011F02254AF6190097EA48 /* Helpers */,
				88011EDC254AF5F60097EA48 /* Info.plist */,
				88F99B28255154FD00C75CB6 /* NLR.xcdatamodeld */,
			);
			path = NLR;
			sourceTree = "<group>";
		};
		88011ED9254AF5F60097EA48 /* Preview Content */ = {
			isa = PBXGroup;
			children = (
				88011EDA254AF5F60097EA48 /* Preview Assets.xcassets */,
			);
			path = "Preview Content";
			sourceTree = "<group>";
		};
		88011EE4254AF5F60097EA48 /* NLRTests */ = {
			isa = PBXGroup;
			children = (
				88011EE5254AF5F60097EA48 /* NLRTests.swift */,
				88011EE7254AF5F60097EA48 /* Info.plist */,
			);
			path = NLRTests;
			sourceTree = "<group>";
		};
		88011EEF254AF5F60097EA48 /* NLRUITests */ = {
			isa = PBXGroup;
			children = (
				88011EF0254AF5F60097EA48 /* NLRUITests.swift */,
				88011EF2254AF5F60097EA48 /* Info.plist */,
			);
			path = NLRUITests;
			sourceTree = "<group>";
		};
		88011F02254AF6190097EA48 /* Helpers */ = {
			isa = PBXGroup;
			children = (
				88DC3F6325A5E85900C337E5 /* FeedbackGenerator.swift */,
			);
			path = Helpers;
			sourceTree = "<group>";
		};
		88011F03254AF61F0097EA48 /* Managers */ = {
			isa = PBXGroup;
			children = (
				88855D2E258B5E2300EF123E /* Aircraft */,
				88A2233F257E65CA00C3403F /* Damage */,
				88011F19254AFCD50097EA48 /* AR */,
				886A50CA256E9C01005B360A /* AppManager.swift */,
			);
			path = Managers;
			sourceTree = "<group>";
		};
		88011F04254AF6A30097EA48 /* Components */ = {
			isa = PBXGroup;
			children = (
				88436EC12553FA5E00E50AD3 /* Onboarding */,
			);
			path = Components;
			sourceTree = "<group>";
		};
		88011F05254AF6AA0097EA48 /* Views */ = {
			isa = PBXGroup;
			children = (
				88855D23258B58E600EF123E /* Authentication */,
				885B472325710AC000504BB7 /* QR View */,
				885B4717257104F300504BB7 /* Check */,
				88AB92BB2551644600BA59BE /* Aircraft View */,
				88AB92C1255184E200BA59BE /* Damage */,
				88011F10254AF6F90097EA48 /* AR View */,
			);
			path = Views;
			sourceTree = "<group>";
		};
		88011F06254AF6AE0097EA48 /* Assets */ = {
			isa = PBXGroup;
			children = (
				883EDCEB257793A100C3764B /* ARBase.scnassets */,
				88011ED7254AF5F60097EA48 /* Assets.xcassets */,
				88011ED9254AF5F60097EA48 /* Preview Content */,
				88420186255037FF00A72BAD /* Art.scnassets */,
			);
			path = Assets;
			sourceTree = "<group>";
		};
		88011F07254AF6B40097EA48 /* Extensions */ = {
			isa = PBXGroup;
			children = (
				88388253254B3FAB001EF10C /* ARSCNView+Extensions.swift */,
				88388258254B40E1001EF10C /* Float4x4+Extensions.swift */,
				8838825D254B40F9001EF10C /* CGPoint+Extensions.swift */,
				886A9DD2255303B40055CC67 /* Color+Extensions.swift */,
				88A22348257E670200C3403F /* Date+Extensions.swift */,
				8831EF5D25B0F14D00EB3F08 /* Scenekit+Extensions.swift */,
			);
			path = Extensions;
			sourceTree = "<group>";
		};
		88011F08254AF6BA0097EA48 /* Models */ = {
			isa = PBXGroup;
			children = (
				88A249A3257FAB2800375E8C /* Coordinates */,
				88A249A2257FAB2400375E8C /* Notes */,
				88A24974257F914000375E8C /* Session */,
				88436EB62553F80E00E50AD3 /* Onboarding */,
				881B1EE62552BC1F0005477E /* Damage */,
				88AB92D22551995300BA59BE /* Aircraft */,
				88011F33254B27340097EA48 /* AR */,
			);
			path = Models;
			sourceTree = "<group>";
		};
		88011F09254AF6BF0097EA48 /* Main App */ = {
			isa = PBXGroup;
			children = (
				88011ED3254AF5F40097EA48 /* NLRApp.swift */,
			);
			path = "Main App";
			sourceTree = "<group>";
		};
		88011F10254AF6F90097EA48 /* AR View */ = {
			isa = PBXGroup;
			children = (
				88011F14254AFC4F0097EA48 /* ARKitView.swift */,
				88DC3F7025A5E99800C337E5 /* ARView.swift */,
			);
			path = "AR View";
			sourceTree = "<group>";
		};
		88011F19254AFCD50097EA48 /* AR */ = {
			isa = PBXGroup;
			children = (
				88011F1A254AFCE00097EA48 /* ARManager.swift */,
			);
			path = AR;
			sourceTree = "<group>";
		};
		88011F22254AFD640097EA48 /* Controllers */ = {
			isa = PBXGroup;
			children = (
				88436ED32553FE4400E50AD3 /* PageViewController */,
				88011F23254AFD6D0097EA48 /* ARViewController */,
				88CA791825515E7700B817DE /* PersistenceController.swift */,
			);
			path = Controllers;
			sourceTree = "<group>";
		};
		88011F23254AFD6D0097EA48 /* ARViewController */ = {
			isa = PBXGroup;
			children = (
				883EDCF0257794BA00C3764B /* ARViewController+ARManagerDelegate */,
				883EDCDF257791FF00C3764B /* ARViewController+Functions */,
				883EDCD6257790EC00C3764B /* ARViewController+ARBaseViewDelegate */,
				883EDCCB25778EE200C3764B /* ARViewController.swift */,
			);
			path = ARViewController;
			sourceTree = "<group>";
		};
		88011F33254B27340097EA48 /* AR */ = {
			isa = PBXGroup;
			children = (
				885B702425503F16008643BD /* Virtual Object */,
				88388245254B2772001EF10C /* Focus Square */,
			);
			path = AR;
			sourceTree = "<group>";
		};
		881B1EE62552BC1F0005477E /* Damage */ = {
			isa = PBXGroup;
			children = (
				88A249AC257FAB5000375E8C /* DamageNode+CoreDataClass.swift */,
				88A249AD257FAB5000375E8C /* DamageNode+CoreDataProperties.swift */,
				881B1EE72552BC2B0005477E /* DamageState.swift */,
			);
			path = Damage;
			sourceTree = "<group>";
		};
		8831EF7225B0F3C500EB3F08 /* Configurations */ = {
			isa = PBXGroup;
			children = (
				8831EF7325B0F40400EB3F08 /* Development.xcconfig */,
				8831EF7825B0F41400EB3F08 /* Production.xcconfig */,
			);
			path = Configurations;
			sourceTree = "<group>";
		};
		88388245254B2772001EF10C /* Focus Square */ = {
			isa = PBXGroup;
			children = (
				88388246254B3F3C001EF10C /* FocusSquareSegment.swift */,
				8838824E254B3F44001EF10C /* FocusSquare.swift */,
			);
			path = "Focus Square";
			sourceTree = "<group>";
		};
		88388262254B41C9001EF10C /* Delegates */ = {
			isa = PBXGroup;
			children = (
				88388263254B41D4001EF10C /* ARManagerDelegate.swift */,
			);
			path = Delegates;
			sourceTree = "<group>";
		};
		8839A6512551D4BF00DD3EA4 /* AircraftPreview */ = {
			isa = PBXGroup;
			children = (
				8839A6522551D4D100DD3EA4 /* AircraftPreview.swift */,
			);
			path = AircraftPreview;
			sourceTree = "<group>";
		};
		883EDCD6257790EC00C3764B /* ARViewController+ARBaseViewDelegate */ = {
			isa = PBXGroup;
			children = (
				883EDCD72577910400C3764B /* ARViewController+ARBaseViewDelegate.swift */,
			);
			path = "ARViewController+ARBaseViewDelegate";
			sourceTree = "<group>";
		};
		883EDCDF257791FF00C3764B /* ARViewController+Functions */ = {
			isa = PBXGroup;
			children = (
				883EDCE02577921400C3764B /* ARViewController+Functions.swift */,
			);
			path = "ARViewController+Functions";
			sourceTree = "<group>";
		};
		883EDCF0257794BA00C3764B /* ARViewController+ARManagerDelegate */ = {
			isa = PBXGroup;
			children = (
				883EDCF1257794C800C3764B /* ARViewController+ARManagerDelegate.swift */,
			);
			path = "ARViewController+ARManagerDelegate";
			sourceTree = "<group>";
		};
		88436EB62553F80E00E50AD3 /* Onboarding */ = {
			isa = PBXGroup;
			children = (
				88436EB72553F81900E50AD3 /* Onboarding.swift */,
			);
			path = Onboarding;
			sourceTree = "<group>";
		};
		88436EC12553FA5E00E50AD3 /* Onboarding */ = {
			isa = PBXGroup;
			children = (
				88436EDF2554012400E50AD3 /* PageIndicator.swift */,
				88436EBC2553F8C800E50AD3 /* OnboardingView.swift */,
				88436EC22553FA6B00E50AD3 /* OnboardingContainer.swift */,
			);
			path = Onboarding;
			sourceTree = "<group>";
		};
		88436ED32553FE4400E50AD3 /* PageViewController */ = {
			isa = PBXGroup;
			children = (
				88436ED42553FE4E00E50AD3 /* PageViewController.swift */,
			);
			path = PageViewController;
			sourceTree = "<group>";
		};
		885B4717257104F300504BB7 /* Check */ = {
			isa = PBXGroup;
			children = (
				885B4718257104FD00504BB7 /* CheckDamageView.swift */,
			);
			path = Check;
			sourceTree = "<group>";
		};
		885B472325710AC000504BB7 /* QR View */ = {
			isa = PBXGroup;
			children = (
				885B472C25710AEC00504BB7 /* Scanner */,
				885B472425710ADA00504BB7 /* QRView.swift */,
			);
			path = "QR View";
			sourceTree = "<group>";
		};
		885B472C25710AEC00504BB7 /* Scanner */ = {
			isa = PBXGroup;
			children = (
				885B473725710BF700504BB7 /* Extensions */,
				885B472D25710AF900504BB7 /* QRScannerView.swift */,
				885B473225710B3F00504BB7 /* QRScannerViewController.swift */,
			);
			path = Scanner;
			sourceTree = "<group>";
		};
		885B473725710BF700504BB7 /* Extensions */ = {
			isa = PBXGroup;
			children = (
				885B473825710C0100504BB7 /* Scanner+Coordinator.swift */,
			);
			path = Extensions;
			sourceTree = "<group>";
		};
		885B702425503F16008643BD /* Virtual Object */ = {
			isa = PBXGroup;
			children = (
				885B702525503F29008643BD /* VirtualObject.swift */,
			);
			path = "Virtual Object";
			sourceTree = "<group>";
		};
		88855D1A258B576B00EF123E /* Environment */ = {
			isa = PBXGroup;
			children = (
				88855D1B258B577800EF123E /* AppState.swift */,
			);
			path = Environment;
			sourceTree = "<group>";
		};
		88855D23258B58E600EF123E /* Authentication */ = {
			isa = PBXGroup;
			children = (
				88855D24258B58F400EF123E /* LoginView.swift */,
				88855D29258B58FF00EF123E /* UserTypeView.swift */,
			);
			path = Authentication;
			sourceTree = "<group>";
		};
		88855D2E258B5E2300EF123E /* Aircraft */ = {
			isa = PBXGroup;
			children = (
				88855D2F258B5E2F00EF123E /* AircraftManager.swift */,
			);
			path = Aircraft;
			sourceTree = "<group>";
		};
		88A2233F257E65CA00C3403F /* Damage */ = {
			isa = PBXGroup;
			children = (
				88A22340257E65D300C3403F /* AudioRecorder.swift */,
				88A2234D257E6CA900C3403F /* AudioPlayer.swift */,
			);
			path = Damage;
			sourceTree = "<group>";
		};
		88A24974257F914000375E8C /* Session */ = {
			isa = PBXGroup;
			children = (
				88A249AA257FAB5000375E8C /* Session+CoreDataClass.swift */,
				88A249AB257FAB5000375E8C /* Session+CoreDataProperties.swift */,
			);
			path = Session;
			sourceTree = "<group>";
		};
		88A249A2257FAB2400375E8C /* Notes */ = {
			isa = PBXGroup;
			children = (
				88A249A6257FAB5000375E8C /* Notes+CoreDataClass.swift */,
				88A249A7257FAB5000375E8C /* Notes+CoreDataProperties.swift */,
			);
			path = Notes;
			sourceTree = "<group>";
		};
		88A249A3257FAB2800375E8C /* Coordinates */ = {
			isa = PBXGroup;
			children = (
				88A249A8257FAB5000375E8C /* Coordinates+CoreDataClass.swift */,
				88A249A9257FAB5000375E8C /* Coordinates+CoreDataProperties.swift */,
			);
			path = Coordinates;
			sourceTree = "<group>";
		};
		88AB92BB2551644600BA59BE /* Aircraft View */ = {
			isa = PBXGroup;
			children = (
				8839A6512551D4BF00DD3EA4 /* AircraftPreview */,
				88AB92CA2551965200BA59BE /* AircraftsDetailsView.swift */,
				886CAD9F256E60A300AF88AE /* AircraftSelectionView.swift */,
				88C3500B257FB6F40068460F /* AircraftSessionsView.swift */,
			);
			path = "Aircraft View";
			sourceTree = "<group>";
		};
		88AB92C1255184E200BA59BE /* Damage */ = {
			isa = PBXGroup;
			children = (
				88AB92C2255184EC00BA59BE /* AddDamageView.swift */,
				881B1EE12552AAA90005477E /* DamageDetailView.swift */,
			);
			path = Damage;
			sourceTree = "<group>";
		};
		88AB92D22551995300BA59BE /* Aircraft */ = {
			isa = PBXGroup;
			children = (
				88A249A4257FAB5000375E8C /* Aircraft+CoreDataClass.swift */,
				88A249A5257FAB5000375E8C /* Aircraft+CoreDataProperties.swift */,
			);
			path = Aircraft;
			sourceTree = "<group>";
		};
/* End PBXGroup section */

/* Begin PBXNativeTarget section */
		88011ECF254AF5F40097EA48 /* NLR */ = {
			isa = PBXNativeTarget;
			buildConfigurationList = 88011EF5254AF5F60097EA48 /* Build configuration list for PBXNativeTarget "NLR" */;
			buildPhases = (
				88011ECC254AF5F40097EA48 /* Sources */,
				88011ECD254AF5F40097EA48 /* Frameworks */,
				88011ECE254AF5F40097EA48 /* Resources */,
				88DC3F5325A5D27E00C337E5 /* ShellScript */,
			);
			buildRules = (
			);
			dependencies = (
			);
			name = NLR;
			packageProductDependencies = (
				883EDCD125778F0600C3764B /* package-arbase */,
			);
			productName = NLR;
			productReference = 88011ED0254AF5F40097EA48 /* NLR.app */;
			productType = "com.apple.product-type.application";
		};
		88011EE0254AF5F60097EA48 /* NLRTests */ = {
			isa = PBXNativeTarget;
			buildConfigurationList = 88011EF8254AF5F60097EA48 /* Build configuration list for PBXNativeTarget "NLRTests" */;
			buildPhases = (
				88011EDD254AF5F60097EA48 /* Sources */,
				88011EDE254AF5F60097EA48 /* Frameworks */,
				88011EDF254AF5F60097EA48 /* Resources */,
			);
			buildRules = (
			);
			dependencies = (
				88011EE3254AF5F60097EA48 /* PBXTargetDependency */,
			);
			name = NLRTests;
			productName = NLRTests;
			productReference = 88011EE1254AF5F60097EA48 /* NLRTests.xctest */;
			productType = "com.apple.product-type.bundle.unit-test";
		};
		88011EEB254AF5F60097EA48 /* NLRUITests */ = {
			isa = PBXNativeTarget;
			buildConfigurationList = 88011EFB254AF5F60097EA48 /* Build configuration list for PBXNativeTarget "NLRUITests" */;
			buildPhases = (
				88011EE8254AF5F60097EA48 /* Sources */,
				88011EE9254AF5F60097EA48 /* Frameworks */,
				88011EEA254AF5F60097EA48 /* Resources */,
			);
			buildRules = (
			);
			dependencies = (
				88011EEE254AF5F60097EA48 /* PBXTargetDependency */,
			);
			name = NLRUITests;
			productName = NLRUITests;
			productReference = 88011EEC254AF5F60097EA48 /* NLRUITests.xctest */;
			productType = "com.apple.product-type.bundle.ui-testing";
		};
/* End PBXNativeTarget section */

/* Begin PBXProject section */
		88011EC8254AF5F40097EA48 /* Project object */ = {
			isa = PBXProject;
			attributes = {
				LastSwiftUpdateCheck = 1220;
				LastUpgradeCheck = 1220;
				TargetAttributes = {
					88011ECF254AF5F40097EA48 = {
						CreatedOnToolsVersion = 12.2;
					};
					88011EE0254AF5F60097EA48 = {
						CreatedOnToolsVersion = 12.2;
						TestTargetID = 88011ECF254AF5F40097EA48;
					};
					88011EEB254AF5F60097EA48 = {
						CreatedOnToolsVersion = 12.2;
						TestTargetID = 88011ECF254AF5F40097EA48;
					};
				};
			};
			buildConfigurationList = 88011ECB254AF5F40097EA48 /* Build configuration list for PBXProject "NLR" */;
			compatibilityVersion = "Xcode 9.3";
			developmentRegion = en;
			hasScannedForEncodings = 0;
			knownRegions = (
				en,
				Base,
			);
			mainGroup = 88011EC7254AF5F40097EA48;
			packageReferences = (
				883EDCD025778F0600C3764B /* XCRemoteSwiftPackageReference "arbase-ios" */,
			);
			productRefGroup = 88011ED1254AF5F40097EA48 /* Products */;
			projectDirPath = "";
			projectRoot = "";
			targets = (
				88011ECF254AF5F40097EA48 /* NLR */,
				88011EE0254AF5F60097EA48 /* NLRTests */,
				88011EEB254AF5F60097EA48 /* NLRUITests */,
			);
		};
/* End PBXProject section */

/* Begin PBXResourcesBuildPhase section */
		88011ECE254AF5F40097EA48 /* Resources */ = {
			isa = PBXResourcesBuildPhase;
			buildActionMask = 2147483647;
			files = (
				88011EDB254AF5F60097EA48 /* Preview Assets.xcassets in Resources */,
				88011ED8254AF5F60097EA48 /* Assets.xcassets in Resources */,
				88420187255037FF00A72BAD /* Art.scnassets in Resources */,
				883EDCEC257793A100C3764B /* ARBase.scnassets in Resources */,
				8831EF7425B0F40400EB3F08 /* Development.xcconfig in Resources */,
			);
			runOnlyForDeploymentPostprocessing = 0;
		};
		88011EDF254AF5F60097EA48 /* Resources */ = {
			isa = PBXResourcesBuildPhase;
			buildActionMask = 2147483647;
			files = (
			);
			runOnlyForDeploymentPostprocessing = 0;
		};
		88011EEA254AF5F60097EA48 /* Resources */ = {
			isa = PBXResourcesBuildPhase;
			buildActionMask = 2147483647;
			files = (
			);
			runOnlyForDeploymentPostprocessing = 0;
		};
/* End PBXResourcesBuildPhase section */

/* Begin PBXShellScriptBuildPhase section */
		88DC3F5325A5D27E00C337E5 /* ShellScript */ = {
			isa = PBXShellScriptBuildPhase;
			buildActionMask = 2147483647;
			files = (
			);
			inputFileListPaths = (
			);
			inputPaths = (
			);
			outputFileListPaths = (
			);
			outputPaths = (
			);
			runOnlyForDeploymentPostprocessing = 0;
			shellPath = /bin/sh;
			shellScript = "TAGS=\"TODO:|FIXME:\"\nERRORTAG=\"ERROR:\"\nfind \"${SRCROOT}\" \\( -name \"*.h\" -or -name \"*.m\" -or -name \"*.swift\" \\) -print0 | xargs -0 egrep --with-filename --line-number --only-matching \"($TAGS).*\\$|($ERRORTAG).*\\$\" | perl -p -e \"s/($TAGS)/ warning: \\$1/\" | perl -p -e \"s/($ERRORTAG)/ error: \\$1/\"\n";
		};
/* End PBXShellScriptBuildPhase section */

/* Begin PBXSourcesBuildPhase section */
		88011ECC254AF5F40097EA48 /* Sources */ = {
			isa = PBXSourcesBuildPhase;
			buildActionMask = 2147483647;
			files = (
				88011F1B254AFCE00097EA48 /* ARManager.swift in Sources */,
				88855D2A258B58FF00EF123E /* UserTypeView.swift in Sources */,
				8839A6532551D4D100DD3EA4 /* AircraftPreview.swift in Sources */,
				88011ED4254AF5F40097EA48 /* NLRApp.swift in Sources */,
				88A22341257E65D300C3403F /* AudioRecorder.swift in Sources */,
				883EDCD82577910400C3764B /* ARViewController+ARBaseViewDelegate.swift in Sources */,
				885B4719257104FD00504BB7 /* CheckDamageView.swift in Sources */,
				88436EE02554012400E50AD3 /* PageIndicator.swift in Sources */,
				88A22349257E670200C3403F /* Date+Extensions.swift in Sources */,
				88A249B1257FAB5000375E8C /* Notes+CoreDataProperties.swift in Sources */,
				885B473325710B3F00504BB7 /* QRScannerViewController.swift in Sources */,
				886A50CB256E9C01005B360A /* AppManager.swift in Sources */,
				88DC3F7125A5E99800C337E5 /* ARView.swift in Sources */,
				88855D30258B5E2F00EF123E /* AircraftManager.swift in Sources */,
				88A2234E257E6CA900C3403F /* AudioPlayer.swift in Sources */,
				881B1EE22552AAA90005477E /* DamageDetailView.swift in Sources */,
				88F99B2A255154FD00C75CB6 /* NLR.xcdatamodeld in Sources */,
				88011F15254AFC4F0097EA48 /* ARKitView.swift in Sources */,
				8838824F254B3F44001EF10C /* FocusSquare.swift in Sources */,
				88A249B6257FAB5000375E8C /* DamageNode+CoreDataClass.swift in Sources */,
				883EDCE12577921400C3764B /* ARViewController+Functions.swift in Sources */,
				88855D1C258B577800EF123E /* AppState.swift in Sources */,
				88388254254B3FAB001EF10C /* ARSCNView+Extensions.swift in Sources */,
				8831EF5E25B0F14D00EB3F08 /* Scenekit+Extensions.swift in Sources */,
				88388264254B41D4001EF10C /* ARManagerDelegate.swift in Sources */,
				886A9DD3255303B40055CC67 /* Color+Extensions.swift in Sources */,
				88436EC32553FA6B00E50AD3 /* OnboardingContainer.swift in Sources */,
				88A249AE257FAB5000375E8C /* Aircraft+CoreDataClass.swift in Sources */,
				88436EB82553F81900E50AD3 /* Onboarding.swift in Sources */,
				885B472E25710AF900504BB7 /* QRScannerView.swift in Sources */,
				88A249B3257FAB5000375E8C /* Coordinates+CoreDataProperties.swift in Sources */,
				885B473925710C0100504BB7 /* Scanner+Coordinator.swift in Sources */,
				88AB92CB2551965200BA59BE /* AircraftsDetailsView.swift in Sources */,
				88A249B7257FAB5000375E8C /* DamageNode+CoreDataProperties.swift in Sources */,
				88436EBD2553F8C800E50AD3 /* OnboardingView.swift in Sources */,
				8838825E254B40F9001EF10C /* CGPoint+Extensions.swift in Sources */,
				88A249AF257FAB5000375E8C /* Aircraft+CoreDataProperties.swift in Sources */,
				883EDCF2257794C800C3764B /* ARViewController+ARManagerDelegate.swift in Sources */,
				88C3500C257FB6F40068460F /* AircraftSessionsView.swift in Sources */,
				886CADA0256E60A300AF88AE /* AircraftSelectionView.swift in Sources */,
				88DC3F6425A5E85900C337E5 /* FeedbackGenerator.swift in Sources */,
				881B1EE82552BC2B0005477E /* DamageState.swift in Sources */,
				885B702625503F29008643BD /* VirtualObject.swift in Sources */,
				88A249B4257FAB5000375E8C /* Session+CoreDataClass.swift in Sources */,
				88A249B2257FAB5000375E8C /* Coordinates+CoreDataClass.swift in Sources */,
				88388259254B40E1001EF10C /* Float4x4+Extensions.swift in Sources */,
				88388247254B3F3C001EF10C /* FocusSquareSegment.swift in Sources */,
				88AB92C3255184EC00BA59BE /* AddDamageView.swift in Sources */,
				88A249B5257FAB5000375E8C /* Session+CoreDataProperties.swift in Sources */,
				88436ED52553FE4E00E50AD3 /* PageViewController.swift in Sources */,
				88A249B0257FAB5000375E8C /* Notes+CoreDataClass.swift in Sources */,
				885B472525710ADA00504BB7 /* QRView.swift in Sources */,
				88CA791925515E7700B817DE /* PersistenceController.swift in Sources */,
				88855D25258B58F400EF123E /* LoginView.swift in Sources */,
				883EDCCC25778EE200C3764B /* ARViewController.swift in Sources */,
			);
			runOnlyForDeploymentPostprocessing = 0;
		};
		88011EDD254AF5F60097EA48 /* Sources */ = {
			isa = PBXSourcesBuildPhase;
			buildActionMask = 2147483647;
			files = (
				88011EE6254AF5F60097EA48 /* NLRTests.swift in Sources */,
			);
			runOnlyForDeploymentPostprocessing = 0;
		};
		88011EE8254AF5F60097EA48 /* Sources */ = {
			isa = PBXSourcesBuildPhase;
			buildActionMask = 2147483647;
			files = (
				88011EF1254AF5F60097EA48 /* NLRUITests.swift in Sources */,
			);
			runOnlyForDeploymentPostprocessing = 0;
		};
/* End PBXSourcesBuildPhase section */

/* Begin PBXTargetDependency section */
		88011EE3254AF5F60097EA48 /* PBXTargetDependency */ = {
			isa = PBXTargetDependency;
			target = 88011ECF254AF5F40097EA48 /* NLR */;
			targetProxy = 88011EE2254AF5F60097EA48 /* PBXContainerItemProxy */;
		};
		88011EEE254AF5F60097EA48 /* PBXTargetDependency */ = {
			isa = PBXTargetDependency;
			target = 88011ECF254AF5F40097EA48 /* NLR */;
			targetProxy = 88011EED254AF5F60097EA48 /* PBXContainerItemProxy */;
		};
/* End PBXTargetDependency section */

/* Begin XCBuildConfiguration section */
		88011EF3254AF5F60097EA48 /* Debug Production */ = {
			isa = XCBuildConfiguration;
			baseConfigurationReference = 8831EF7825B0F41400EB3F08 /* Production.xcconfig */;
			buildSettings = {
				ALWAYS_SEARCH_USER_PATHS = NO;
				CLANG_ANALYZER_NONNULL = YES;
				CLANG_ANALYZER_NUMBER_OBJECT_CONVERSION = YES_AGGRESSIVE;
				CLANG_CXX_LANGUAGE_STANDARD = "gnu++14";
				CLANG_CXX_LIBRARY = "libc++";
				CLANG_ENABLE_MODULES = YES;
				CLANG_ENABLE_OBJC_ARC = YES;
				CLANG_ENABLE_OBJC_WEAK = YES;
				CLANG_WARN_BLOCK_CAPTURE_AUTORELEASING = YES;
				CLANG_WARN_BOOL_CONVERSION = YES;
				CLANG_WARN_COMMA = YES;
				CLANG_WARN_CONSTANT_CONVERSION = YES;
				CLANG_WARN_DEPRECATED_OBJC_IMPLEMENTATIONS = YES;
				CLANG_WARN_DIRECT_OBJC_ISA_USAGE = YES_ERROR;
				CLANG_WARN_DOCUMENTATION_COMMENTS = YES;
				CLANG_WARN_EMPTY_BODY = YES;
				CLANG_WARN_ENUM_CONVERSION = YES;
				CLANG_WARN_INFINITE_RECURSION = YES;
				CLANG_WARN_INT_CONVERSION = YES;
				CLANG_WARN_NON_LITERAL_NULL_CONVERSION = YES;
				CLANG_WARN_OBJC_IMPLICIT_RETAIN_SELF = YES;
				CLANG_WARN_OBJC_LITERAL_CONVERSION = YES;
				CLANG_WARN_OBJC_ROOT_CLASS = YES_ERROR;
				CLANG_WARN_QUOTED_INCLUDE_IN_FRAMEWORK_HEADER = YES;
				CLANG_WARN_RANGE_LOOP_ANALYSIS = YES;
				CLANG_WARN_STRICT_PROTOTYPES = YES;
				CLANG_WARN_SUSPICIOUS_MOVE = YES;
				CLANG_WARN_UNGUARDED_AVAILABILITY = YES_AGGRESSIVE;
				CLANG_WARN_UNREACHABLE_CODE = YES;
				CLANG_WARN__DUPLICATE_METHOD_MATCH = YES;
				COPY_PHASE_STRIP = NO;
				DEBUG_INFORMATION_FORMAT = dwarf;
				ENABLE_STRICT_OBJC_MSGSEND = YES;
				ENABLE_TESTABILITY = YES;
				GCC_C_LANGUAGE_STANDARD = gnu11;
				GCC_DYNAMIC_NO_PIC = NO;
				GCC_NO_COMMON_BLOCKS = YES;
				GCC_OPTIMIZATION_LEVEL = 0;
				GCC_PREPROCESSOR_DEFINITIONS = (
					"DEBUG=1",
					"$(inherited)",
				);
				GCC_WARN_64_TO_32_BIT_CONVERSION = YES;
				GCC_WARN_ABOUT_RETURN_TYPE = YES_ERROR;
				GCC_WARN_UNDECLARED_SELECTOR = YES;
				GCC_WARN_UNINITIALIZED_AUTOS = YES_AGGRESSIVE;
				GCC_WARN_UNUSED_FUNCTION = YES;
				GCC_WARN_UNUSED_VARIABLE = YES;
				IPHONEOS_DEPLOYMENT_TARGET = 14.2;
				MTL_ENABLE_DEBUG_INFO = INCLUDE_SOURCE;
				MTL_FAST_MATH = YES;
				ONLY_ACTIVE_ARCH = YES;
				SDKROOT = iphoneos;
				SWIFT_ACTIVE_COMPILATION_CONDITIONS = DEBUG;
				SWIFT_OPTIMIZATION_LEVEL = "-Onone";
			};
			name = "Debug Production";
		};
		88011EF4254AF5F60097EA48 /* Release Production */ = {
			isa = XCBuildConfiguration;
			baseConfigurationReference = 8831EF7825B0F41400EB3F08 /* Production.xcconfig */;
			buildSettings = {
				ALWAYS_SEARCH_USER_PATHS = NO;
				CLANG_ANALYZER_NONNULL = YES;
				CLANG_ANALYZER_NUMBER_OBJECT_CONVERSION = YES_AGGRESSIVE;
				CLANG_CXX_LANGUAGE_STANDARD = "gnu++14";
				CLANG_CXX_LIBRARY = "libc++";
				CLANG_ENABLE_MODULES = YES;
				CLANG_ENABLE_OBJC_ARC = YES;
				CLANG_ENABLE_OBJC_WEAK = YES;
				CLANG_WARN_BLOCK_CAPTURE_AUTORELEASING = YES;
				CLANG_WARN_BOOL_CONVERSION = YES;
				CLANG_WARN_COMMA = YES;
				CLANG_WARN_CONSTANT_CONVERSION = YES;
				CLANG_WARN_DEPRECATED_OBJC_IMPLEMENTATIONS = YES;
				CLANG_WARN_DIRECT_OBJC_ISA_USAGE = YES_ERROR;
				CLANG_WARN_DOCUMENTATION_COMMENTS = YES;
				CLANG_WARN_EMPTY_BODY = YES;
				CLANG_WARN_ENUM_CONVERSION = YES;
				CLANG_WARN_INFINITE_RECURSION = YES;
				CLANG_WARN_INT_CONVERSION = YES;
				CLANG_WARN_NON_LITERAL_NULL_CONVERSION = YES;
				CLANG_WARN_OBJC_IMPLICIT_RETAIN_SELF = YES;
				CLANG_WARN_OBJC_LITERAL_CONVERSION = YES;
				CLANG_WARN_OBJC_ROOT_CLASS = YES_ERROR;
				CLANG_WARN_QUOTED_INCLUDE_IN_FRAMEWORK_HEADER = YES;
				CLANG_WARN_RANGE_LOOP_ANALYSIS = YES;
				CLANG_WARN_STRICT_PROTOTYPES = YES;
				CLANG_WARN_SUSPICIOUS_MOVE = YES;
				CLANG_WARN_UNGUARDED_AVAILABILITY = YES_AGGRESSIVE;
				CLANG_WARN_UNREACHABLE_CODE = YES;
				CLANG_WARN__DUPLICATE_METHOD_MATCH = YES;
				COPY_PHASE_STRIP = NO;
				DEBUG_INFORMATION_FORMAT = "dwarf-with-dsym";
				ENABLE_NS_ASSERTIONS = NO;
				ENABLE_STRICT_OBJC_MSGSEND = YES;
				GCC_C_LANGUAGE_STANDARD = gnu11;
				GCC_NO_COMMON_BLOCKS = YES;
				GCC_WARN_64_TO_32_BIT_CONVERSION = YES;
				GCC_WARN_ABOUT_RETURN_TYPE = YES_ERROR;
				GCC_WARN_UNDECLARED_SELECTOR = YES;
				GCC_WARN_UNINITIALIZED_AUTOS = YES_AGGRESSIVE;
				GCC_WARN_UNUSED_FUNCTION = YES;
				GCC_WARN_UNUSED_VARIABLE = YES;
				IPHONEOS_DEPLOYMENT_TARGET = 14.2;
				MTL_ENABLE_DEBUG_INFO = NO;
				MTL_FAST_MATH = YES;
				SDKROOT = iphoneos;
				SWIFT_COMPILATION_MODE = wholemodule;
				SWIFT_OPTIMIZATION_LEVEL = "-O";
				VALIDATE_PRODUCT = YES;
			};
			name = "Release Production";
		};
		88011EF6254AF5F60097EA48 /* Debug Production */ = {
			isa = XCBuildConfiguration;
			buildSettings = {
				ASSETCATALOG_COMPILER_APPICON_NAME = AppIcon;
				ASSETCATALOG_COMPILER_GLOBAL_ACCENT_COLOR_NAME = AccentColor;
				CODE_SIGN_STYLE = Automatic;
				CURRENT_PROJECT_VERSION = 5;
				DEVELOPMENT_ASSET_PATHS = "\"NLR/Assets/Preview Content\"";
				DEVELOPMENT_TEAM = 8BUR3H37HV;
				ENABLE_PREVIEWS = YES;
				INFOPLIST_FILE = NLR/Info.plist;
				IPHONEOS_DEPLOYMENT_TARGET = 14.0;
				LD_RUNPATH_SEARCH_PATHS = (
					"$(inherited)",
					"@executable_path/Frameworks",
				);
				PRODUCT_BUNDLE_IDENTIFIER = io.nlr.nlrar;
				PRODUCT_NAME = "$(TARGET_NAME)";
				SWIFT_VERSION = 5.0;
				TARGETED_DEVICE_FAMILY = "1,2";
			};
			name = "Debug Production";
		};
		88011EF7254AF5F60097EA48 /* Release Production */ = {
			isa = XCBuildConfiguration;
			buildSettings = {
				ASSETCATALOG_COMPILER_APPICON_NAME = AppIcon;
				ASSETCATALOG_COMPILER_GLOBAL_ACCENT_COLOR_NAME = AccentColor;
				CODE_SIGN_STYLE = Automatic;
				CURRENT_PROJECT_VERSION = 5;
				DEVELOPMENT_ASSET_PATHS = "\"NLR/Assets/Preview Content\"";
				DEVELOPMENT_TEAM = 8BUR3H37HV;
				ENABLE_PREVIEWS = YES;
				INFOPLIST_FILE = NLR/Info.plist;
				IPHONEOS_DEPLOYMENT_TARGET = 14.0;
				LD_RUNPATH_SEARCH_PATHS = (
					"$(inherited)",
					"@executable_path/Frameworks",
				);
				PRODUCT_BUNDLE_IDENTIFIER = io.nlr.nlrar;
				PRODUCT_NAME = "$(TARGET_NAME)";
				SWIFT_VERSION = 5.0;
				TARGETED_DEVICE_FAMILY = "1,2";
			};
			name = "Release Production";
		};
		88011EF9254AF5F60097EA48 /* Debug Production */ = {
			isa = XCBuildConfiguration;
			buildSettings = {
				ALWAYS_EMBED_SWIFT_STANDARD_LIBRARIES = YES;
				BUNDLE_LOADER = "$(TEST_HOST)";
				CODE_SIGN_STYLE = Automatic;
				DEVELOPMENT_TEAM = 8BUR3H37HV;
				INFOPLIST_FILE = NLRTests/Info.plist;
				IPHONEOS_DEPLOYMENT_TARGET = 14.0;
				LD_RUNPATH_SEARCH_PATHS = (
					"$(inherited)",
					"@executable_path/Frameworks",
					"@loader_path/Frameworks",
				);
				PRODUCT_BUNDLE_IDENTIFIER = io.nvlas.NLRTests;
				PRODUCT_NAME = "$(TARGET_NAME)";
				SWIFT_VERSION = 5.0;
				TARGETED_DEVICE_FAMILY = "1,2";
				TEST_HOST = "$(BUILT_PRODUCTS_DIR)/NLR.app/NLR";
			};
			name = "Debug Production";
		};
		88011EFA254AF5F60097EA48 /* Release Production */ = {
			isa = XCBuildConfiguration;
			buildSettings = {
				ALWAYS_EMBED_SWIFT_STANDARD_LIBRARIES = YES;
				BUNDLE_LOADER = "$(TEST_HOST)";
				CODE_SIGN_STYLE = Automatic;
				DEVELOPMENT_TEAM = 8BUR3H37HV;
				INFOPLIST_FILE = NLRTests/Info.plist;
				IPHONEOS_DEPLOYMENT_TARGET = 14.0;
				LD_RUNPATH_SEARCH_PATHS = (
					"$(inherited)",
					"@executable_path/Frameworks",
					"@loader_path/Frameworks",
				);
				PRODUCT_BUNDLE_IDENTIFIER = io.nvlas.NLRTests;
				PRODUCT_NAME = "$(TARGET_NAME)";
				SWIFT_VERSION = 5.0;
				TARGETED_DEVICE_FAMILY = "1,2";
				TEST_HOST = "$(BUILT_PRODUCTS_DIR)/NLR.app/NLR";
			};
			name = "Release Production";
		};
		88011EFC254AF5F60097EA48 /* Debug Production */ = {
			isa = XCBuildConfiguration;
			buildSettings = {
				ALWAYS_EMBED_SWIFT_STANDARD_LIBRARIES = YES;
				CODE_SIGN_STYLE = Automatic;
				DEVELOPMENT_TEAM = 8BUR3H37HV;
				INFOPLIST_FILE = NLRUITests/Info.plist;
				IPHONEOS_DEPLOYMENT_TARGET = 14.1;
				LD_RUNPATH_SEARCH_PATHS = (
					"$(inherited)",
					"@executable_path/Frameworks",
					"@loader_path/Frameworks",
				);
				PRODUCT_BUNDLE_IDENTIFIER = io.nvlas.NLRUITests;
				PRODUCT_NAME = "$(TARGET_NAME)";
				SWIFT_VERSION = 5.0;
				TARGETED_DEVICE_FAMILY = "1,2";
				TEST_TARGET_NAME = NLR;
			};
			name = "Debug Production";
		};
		88011EFD254AF5F60097EA48 /* Release Production */ = {
			isa = XCBuildConfiguration;
			buildSettings = {
				ALWAYS_EMBED_SWIFT_STANDARD_LIBRARIES = YES;
				CODE_SIGN_STYLE = Automatic;
				DEVELOPMENT_TEAM = 8BUR3H37HV;
				INFOPLIST_FILE = NLRUITests/Info.plist;
				IPHONEOS_DEPLOYMENT_TARGET = 14.1;
				LD_RUNPATH_SEARCH_PATHS = (
					"$(inherited)",
					"@executable_path/Frameworks",
					"@loader_path/Frameworks",
				);
				PRODUCT_BUNDLE_IDENTIFIER = io.nvlas.NLRUITests;
				PRODUCT_NAME = "$(TARGET_NAME)";
				SWIFT_VERSION = 5.0;
				TARGETED_DEVICE_FAMILY = "1,2";
				TEST_TARGET_NAME = NLR;
			};
			name = "Release Production";
		};
		8831EF8B25B0F59500EB3F08 /* Debug Development */ = {
			isa = XCBuildConfiguration;
			baseConfigurationReference = 8831EF7325B0F40400EB3F08 /* Development.xcconfig */;
			buildSettings = {
				ALWAYS_SEARCH_USER_PATHS = NO;
				CLANG_ANALYZER_NONNULL = YES;
				CLANG_ANALYZER_NUMBER_OBJECT_CONVERSION = YES_AGGRESSIVE;
				CLANG_CXX_LANGUAGE_STANDARD = "gnu++14";
				CLANG_CXX_LIBRARY = "libc++";
				CLANG_ENABLE_MODULES = YES;
				CLANG_ENABLE_OBJC_ARC = YES;
				CLANG_ENABLE_OBJC_WEAK = YES;
				CLANG_WARN_BLOCK_CAPTURE_AUTORELEASING = YES;
				CLANG_WARN_BOOL_CONVERSION = YES;
				CLANG_WARN_COMMA = YES;
				CLANG_WARN_CONSTANT_CONVERSION = YES;
				CLANG_WARN_DEPRECATED_OBJC_IMPLEMENTATIONS = YES;
				CLANG_WARN_DIRECT_OBJC_ISA_USAGE = YES_ERROR;
				CLANG_WARN_DOCUMENTATION_COMMENTS = YES;
				CLANG_WARN_EMPTY_BODY = YES;
				CLANG_WARN_ENUM_CONVERSION = YES;
				CLANG_WARN_INFINITE_RECURSION = YES;
				CLANG_WARN_INT_CONVERSION = YES;
				CLANG_WARN_NON_LITERAL_NULL_CONVERSION = YES;
				CLANG_WARN_OBJC_IMPLICIT_RETAIN_SELF = YES;
				CLANG_WARN_OBJC_LITERAL_CONVERSION = YES;
				CLANG_WARN_OBJC_ROOT_CLASS = YES_ERROR;
				CLANG_WARN_QUOTED_INCLUDE_IN_FRAMEWORK_HEADER = YES;
				CLANG_WARN_RANGE_LOOP_ANALYSIS = YES;
				CLANG_WARN_STRICT_PROTOTYPES = YES;
				CLANG_WARN_SUSPICIOUS_MOVE = YES;
				CLANG_WARN_UNGUARDED_AVAILABILITY = YES_AGGRESSIVE;
				CLANG_WARN_UNREACHABLE_CODE = YES;
				CLANG_WARN__DUPLICATE_METHOD_MATCH = YES;
				COPY_PHASE_STRIP = NO;
				DEBUG_INFORMATION_FORMAT = dwarf;
				ENABLE_STRICT_OBJC_MSGSEND = YES;
				ENABLE_TESTABILITY = YES;
				GCC_C_LANGUAGE_STANDARD = gnu11;
				GCC_DYNAMIC_NO_PIC = NO;
				GCC_NO_COMMON_BLOCKS = YES;
				GCC_OPTIMIZATION_LEVEL = 0;
				GCC_PREPROCESSOR_DEFINITIONS = (
					"DEBUG=1",
					"$(inherited)",
				);
				GCC_WARN_64_TO_32_BIT_CONVERSION = YES;
				GCC_WARN_ABOUT_RETURN_TYPE = YES_ERROR;
				GCC_WARN_UNDECLARED_SELECTOR = YES;
				GCC_WARN_UNINITIALIZED_AUTOS = YES_AGGRESSIVE;
				GCC_WARN_UNUSED_FUNCTION = YES;
				GCC_WARN_UNUSED_VARIABLE = YES;
				IPHONEOS_DEPLOYMENT_TARGET = 14.2;
				MTL_ENABLE_DEBUG_INFO = INCLUDE_SOURCE;
				MTL_FAST_MATH = YES;
				ONLY_ACTIVE_ARCH = YES;
				SDKROOT = iphoneos;
				SWIFT_ACTIVE_COMPILATION_CONDITIONS = DEBUG;
				SWIFT_OPTIMIZATION_LEVEL = "-Onone";
			};
			name = "Debug Development";
		};
		8831EF8C25B0F59500EB3F08 /* Debug Development */ = {
			isa = XCBuildConfiguration;
			baseConfigurationReference = 8831EF7325B0F40400EB3F08 /* Development.xcconfig */;
			buildSettings = {
				ASSETCATALOG_COMPILER_APPICON_NAME = AppIcon;
				ASSETCATALOG_COMPILER_GLOBAL_ACCENT_COLOR_NAME = AccentColor;
				CODE_SIGN_STYLE = Automatic;
				CURRENT_PROJECT_VERSION = 5;
				DEVELOPMENT_ASSET_PATHS = "\"NLR/Assets/Preview Content\"";
				DEVELOPMENT_TEAM = 8BUR3H37HV;
				ENABLE_PREVIEWS = YES;
				INFOPLIST_FILE = NLR/Info.plist;
				IPHONEOS_DEPLOYMENT_TARGET = 14.0;
				LD_RUNPATH_SEARCH_PATHS = (
					"$(inherited)",
					"@executable_path/Frameworks",
				);
				PRODUCT_BUNDLE_IDENTIFIER = io.nlr.nlrar;
				PRODUCT_NAME = "$(TARGET_NAME)";
				SWIFT_VERSION = 5.0;
				TARGETED_DEVICE_FAMILY = "1,2";
			};
			name = "Debug Development";
		};
		8831EF8D25B0F59500EB3F08 /* Debug Development */ = {
			isa = XCBuildConfiguration;
			buildSettings = {
				ALWAYS_EMBED_SWIFT_STANDARD_LIBRARIES = YES;
				BUNDLE_LOADER = "$(TEST_HOST)";
				CODE_SIGN_STYLE = Automatic;
				DEVELOPMENT_TEAM = 8BUR3H37HV;
				INFOPLIST_FILE = NLRTests/Info.plist;
				IPHONEOS_DEPLOYMENT_TARGET = 14.0;
				LD_RUNPATH_SEARCH_PATHS = (
					"$(inherited)",
					"@executable_path/Frameworks",
					"@loader_path/Frameworks",
				);
				PRODUCT_BUNDLE_IDENTIFIER = io.nvlas.NLRTests;
				PRODUCT_NAME = "$(TARGET_NAME)";
				SWIFT_VERSION = 5.0;
				TARGETED_DEVICE_FAMILY = "1,2";
				TEST_HOST = "$(BUILT_PRODUCTS_DIR)/NLR.app/NLR";
			};
			name = "Debug Development";
		};
		8831EF8E25B0F59500EB3F08 /* Debug Development */ = {
			isa = XCBuildConfiguration;
			buildSettings = {
				ALWAYS_EMBED_SWIFT_STANDARD_LIBRARIES = YES;
				CODE_SIGN_STYLE = Automatic;
				DEVELOPMENT_TEAM = 8BUR3H37HV;
				INFOPLIST_FILE = NLRUITests/Info.plist;
				IPHONEOS_DEPLOYMENT_TARGET = 14.1;
				LD_RUNPATH_SEARCH_PATHS = (
					"$(inherited)",
					"@executable_path/Frameworks",
					"@loader_path/Frameworks",
				);
				PRODUCT_BUNDLE_IDENTIFIER = io.nvlas.NLRUITests;
				PRODUCT_NAME = "$(TARGET_NAME)";
				SWIFT_VERSION = 5.0;
				TARGETED_DEVICE_FAMILY = "1,2";
				TEST_TARGET_NAME = NLR;
			};
			name = "Debug Development";
		};
		8831EF8F25B0F59E00EB3F08 /* Release Development */ = {
			isa = XCBuildConfiguration;
			baseConfigurationReference = 8831EF7325B0F40400EB3F08 /* Development.xcconfig */;
			buildSettings = {
				ALWAYS_SEARCH_USER_PATHS = NO;
				CLANG_ANALYZER_NONNULL = YES;
				CLANG_ANALYZER_NUMBER_OBJECT_CONVERSION = YES_AGGRESSIVE;
				CLANG_CXX_LANGUAGE_STANDARD = "gnu++14";
				CLANG_CXX_LIBRARY = "libc++";
				CLANG_ENABLE_MODULES = YES;
				CLANG_ENABLE_OBJC_ARC = YES;
				CLANG_ENABLE_OBJC_WEAK = YES;
				CLANG_WARN_BLOCK_CAPTURE_AUTORELEASING = YES;
				CLANG_WARN_BOOL_CONVERSION = YES;
				CLANG_WARN_COMMA = YES;
				CLANG_WARN_CONSTANT_CONVERSION = YES;
				CLANG_WARN_DEPRECATED_OBJC_IMPLEMENTATIONS = YES;
				CLANG_WARN_DIRECT_OBJC_ISA_USAGE = YES_ERROR;
				CLANG_WARN_DOCUMENTATION_COMMENTS = YES;
				CLANG_WARN_EMPTY_BODY = YES;
				CLANG_WARN_ENUM_CONVERSION = YES;
				CLANG_WARN_INFINITE_RECURSION = YES;
				CLANG_WARN_INT_CONVERSION = YES;
				CLANG_WARN_NON_LITERAL_NULL_CONVERSION = YES;
				CLANG_WARN_OBJC_IMPLICIT_RETAIN_SELF = YES;
				CLANG_WARN_OBJC_LITERAL_CONVERSION = YES;
				CLANG_WARN_OBJC_ROOT_CLASS = YES_ERROR;
				CLANG_WARN_QUOTED_INCLUDE_IN_FRAMEWORK_HEADER = YES;
				CLANG_WARN_RANGE_LOOP_ANALYSIS = YES;
				CLANG_WARN_STRICT_PROTOTYPES = YES;
				CLANG_WARN_SUSPICIOUS_MOVE = YES;
				CLANG_WARN_UNGUARDED_AVAILABILITY = YES_AGGRESSIVE;
				CLANG_WARN_UNREACHABLE_CODE = YES;
				CLANG_WARN__DUPLICATE_METHOD_MATCH = YES;
				COPY_PHASE_STRIP = NO;
				DEBUG_INFORMATION_FORMAT = "dwarf-with-dsym";
				ENABLE_NS_ASSERTIONS = NO;
				ENABLE_STRICT_OBJC_MSGSEND = YES;
				GCC_C_LANGUAGE_STANDARD = gnu11;
				GCC_NO_COMMON_BLOCKS = YES;
				GCC_WARN_64_TO_32_BIT_CONVERSION = YES;
				GCC_WARN_ABOUT_RETURN_TYPE = YES_ERROR;
				GCC_WARN_UNDECLARED_SELECTOR = YES;
				GCC_WARN_UNINITIALIZED_AUTOS = YES_AGGRESSIVE;
				GCC_WARN_UNUSED_FUNCTION = YES;
				GCC_WARN_UNUSED_VARIABLE = YES;
				IPHONEOS_DEPLOYMENT_TARGET = 14.2;
				MTL_ENABLE_DEBUG_INFO = NO;
				MTL_FAST_MATH = YES;
				SDKROOT = iphoneos;
				SWIFT_COMPILATION_MODE = wholemodule;
				SWIFT_OPTIMIZATION_LEVEL = "-O";
				VALIDATE_PRODUCT = YES;
			};
			name = "Release Development";
		};
		8831EF9025B0F59E00EB3F08 /* Release Development */ = {
			isa = XCBuildConfiguration;
			buildSettings = {
				ASSETCATALOG_COMPILER_APPICON_NAME = AppIcon;
				ASSETCATALOG_COMPILER_GLOBAL_ACCENT_COLOR_NAME = AccentColor;
				CODE_SIGN_STYLE = Automatic;
				CURRENT_PROJECT_VERSION = 5;
				DEVELOPMENT_ASSET_PATHS = "\"NLR/Assets/Preview Content\"";
				DEVELOPMENT_TEAM = 8BUR3H37HV;
				ENABLE_PREVIEWS = YES;
				INFOPLIST_FILE = NLR/Info.plist;
				IPHONEOS_DEPLOYMENT_TARGET = 14.0;
				LD_RUNPATH_SEARCH_PATHS = (
					"$(inherited)",
					"@executable_path/Frameworks",
				);
				PRODUCT_BUNDLE_IDENTIFIER = io.nlr.nlrar;
				PRODUCT_NAME = "$(TARGET_NAME)";
				SWIFT_VERSION = 5.0;
				TARGETED_DEVICE_FAMILY = "1,2";
			};
			name = "Release Development";
		};
		8831EF9125B0F59E00EB3F08 /* Release Development */ = {
			isa = XCBuildConfiguration;
			buildSettings = {
				ALWAYS_EMBED_SWIFT_STANDARD_LIBRARIES = YES;
				BUNDLE_LOADER = "$(TEST_HOST)";
				CODE_SIGN_STYLE = Automatic;
				DEVELOPMENT_TEAM = 8BUR3H37HV;
				INFOPLIST_FILE = NLRTests/Info.plist;
				IPHONEOS_DEPLOYMENT_TARGET = 14.0;
				LD_RUNPATH_SEARCH_PATHS = (
					"$(inherited)",
					"@executable_path/Frameworks",
					"@loader_path/Frameworks",
				);
				PRODUCT_BUNDLE_IDENTIFIER = io.nvlas.NLRTests;
				PRODUCT_NAME = "$(TARGET_NAME)";
				SWIFT_VERSION = 5.0;
				TARGETED_DEVICE_FAMILY = "1,2";
				TEST_HOST = "$(BUILT_PRODUCTS_DIR)/NLR.app/NLR";
			};
			name = "Release Development";
		};
		8831EF9225B0F59E00EB3F08 /* Release Development */ = {
			isa = XCBuildConfiguration;
			buildSettings = {
				ALWAYS_EMBED_SWIFT_STANDARD_LIBRARIES = YES;
				CODE_SIGN_STYLE = Automatic;
				DEVELOPMENT_TEAM = 8BUR3H37HV;
				INFOPLIST_FILE = NLRUITests/Info.plist;
				IPHONEOS_DEPLOYMENT_TARGET = 14.1;
				LD_RUNPATH_SEARCH_PATHS = (
					"$(inherited)",
					"@executable_path/Frameworks",
					"@loader_path/Frameworks",
				);
				PRODUCT_BUNDLE_IDENTIFIER = io.nvlas.NLRUITests;
				PRODUCT_NAME = "$(TARGET_NAME)";
				SWIFT_VERSION = 5.0;
				TARGETED_DEVICE_FAMILY = "1,2";
				TEST_TARGET_NAME = NLR;
			};
			name = "Release Development";
		};
/* End XCBuildConfiguration section */

/* Begin XCConfigurationList section */
		88011ECB254AF5F40097EA48 /* Build configuration list for PBXProject "NLR" */ = {
			isa = XCConfigurationList;
			buildConfigurations = (
				88011EF3254AF5F60097EA48 /* Debug Production */,
				8831EF8B25B0F59500EB3F08 /* Debug Development */,
				88011EF4254AF5F60097EA48 /* Release Production */,
				8831EF8F25B0F59E00EB3F08 /* Release Development */,
			);
			defaultConfigurationIsVisible = 0;
			defaultConfigurationName = "Debug Development";
		};
		88011EF5254AF5F60097EA48 /* Build configuration list for PBXNativeTarget "NLR" */ = {
			isa = XCConfigurationList;
			buildConfigurations = (
				88011EF6254AF5F60097EA48 /* Debug Production */,
				8831EF8C25B0F59500EB3F08 /* Debug Development */,
				88011EF7254AF5F60097EA48 /* Release Production */,
				8831EF9025B0F59E00EB3F08 /* Release Development */,
			);
			defaultConfigurationIsVisible = 0;
			defaultConfigurationName = "Debug Development";
		};
		88011EF8254AF5F60097EA48 /* Build configuration list for PBXNativeTarget "NLRTests" */ = {
			isa = XCConfigurationList;
			buildConfigurations = (
				88011EF9254AF5F60097EA48 /* Debug Production */,
				8831EF8D25B0F59500EB3F08 /* Debug Development */,
				88011EFA254AF5F60097EA48 /* Release Production */,
				8831EF9125B0F59E00EB3F08 /* Release Development */,
			);
			defaultConfigurationIsVisible = 0;
			defaultConfigurationName = "Debug Development";
		};
		88011EFB254AF5F60097EA48 /* Build configuration list for PBXNativeTarget "NLRUITests" */ = {
			isa = XCConfigurationList;
			buildConfigurations = (
				88011EFC254AF5F60097EA48 /* Debug Production */,
				8831EF8E25B0F59500EB3F08 /* Debug Development */,
				88011EFD254AF5F60097EA48 /* Release Production */,
				8831EF9225B0F59E00EB3F08 /* Release Development */,
			);
			defaultConfigurationIsVisible = 0;
			defaultConfigurationName = "Debug Development";
		};
/* End XCConfigurationList section */

/* Begin XCRemoteSwiftPackageReference section */
		883EDCD025778F0600C3764B /* XCRemoteSwiftPackageReference "arbase-ios" */ = {
			isa = XCRemoteSwiftPackageReference;
			repositoryURL = "git@github.com:NordyVlasman/arbase-ios.git";
			requirement = {
				branch = main;
				kind = branch;
			};
		};
/* End XCRemoteSwiftPackageReference section */

/* Begin XCSwiftPackageProductDependency section */
		883EDCD125778F0600C3764B /* package-arbase */ = {
			isa = XCSwiftPackageProductDependency;
			package = 883EDCD025778F0600C3764B /* XCRemoteSwiftPackageReference "arbase-ios" */;
			productName = "package-arbase";
		};
/* End XCSwiftPackageProductDependency section */

/* Begin XCVersionGroup section */
		88F99B28255154FD00C75CB6 /* NLR.xcdatamodeld */ = {
			isa = XCVersionGroup;
			children = (
				88F99B29255154FD00C75CB6 /* NLR.xcdatamodel */,
			);
			currentVersion = 88F99B29255154FD00C75CB6 /* NLR.xcdatamodel */;
			path = NLR.xcdatamodeld;
			sourceTree = "<group>";
			versionGroupType = wrapper.xcdatamodel;
		};
/* End XCVersionGroup section */
	};
	rootObject = 88011EC8254AF5F40097EA48 /* Project object */;
}
